{
	"name": "mini",
	"lockfileVersion": 2,
	"requires": true,
	"packages": {
		"": {
			"dependencies": {
				"better-gesture": "^0.2.4"
			}
		},
		"node_modules/better-gesture": {
			"version": "0.2.4",
			"resolved": "https://registry.npmjs.org/better-gesture/-/better-gesture-0.2.4.tgz",
			"integrity": "sha512-Q6yR+WYi9ICn2uMwXtGpgfr8p4SHSkRgyhLVlIMZ3lrj06uAQyVzQ3aIbPrBrn8fP3GC40UDyEBp7Y5XfTjQJw==",
			"license": "MIT"
		}
	},
	"dependencies": {
		"better-gesture": {
			"version": "0.2.4",
			"resolved": "https://registry.npmjs.org/better-gesture/-/better-gesture-0.2.4.tgz",
			"integrity": "sha512-Q6yR+WYi9ICn2uMwXtGpgfr8p4SHSkRgyhLVlIMZ3lrj06uAQyVzQ3aIbPrBrn8fP3GC40UDyEBp7Y5XfTjQJw=="
		}
	}
}
