# THIS IS AN AUTOGENERATED FILE. DO NOT EDIT THIS FILE DIRECTLY.
# yarn lockfile v1


better-gesture@^0.2.4:
  version "0.2.4"
  resolved "https://registry.npmjs.org/better-gesture/-/better-gesture-0.2.4.tgz"
  integrity sha512-Q6yR+WYi9ICn2uMwXtGpgfr8p4SHSkRgyhLVlIMZ3lrj06uAQyVzQ3aIbPrBrn8fP3GC40UDyEBp7Y5XfTjQJw==
